{
  "name": "stephanhagemann.com",
  "lockfileVersion": 3,
  "requires": true,
  "packages": {
    "": {
      "devDependencies": {
        "netlify-plugin-cache-folder": "^0.0.8"
      }
    },
    "node_modules/netlify-plugin-cache-folder": {
      "version": "0.0.8",
      "resolved": "https://registry.npmjs.org/netlify-plugin-cache-folder/-/netlify-plugin-cache-folder-0.0.8.tgz",
      "integrity": "sha512-Zj5C/OVI5+njzo19bQAgnpHpv91mZCqrOg9MpS9bMpSZhBkmPmgSV1LUqxvVzQszbZXC23hXoaLQXFqPvxNRrg==",
      "dev": true,
      "engines": {
        "node": ">=10.22.0"
      }
    }
  }
}
